
Microsoft Visual Studio Solution File, Format Version 12.00
# Visual Studio Version 16
VisualStudioVersion = 16.0.33927.289
MinimumVisualStudioVersion = 10.0.40219.1
Project("{FAE04EC0-301F-11D3-BF4B-00C04F79EFBC}") = "dotNET-module-15-practice", "dotNET-module-15-practice\dotNET-module-15-practice.csproj", "{879950FA-91E5-4A6B-8297-6F7DEBF8D9F2}"
EndProject
Project("{FAE04EC0-301F-11D3-BF4B-00C04F79EFBC}") = "ClassLibrary", "ClassLibrary\ClassLibrary.csproj", "{2DBBCE39-C376-49C0-8657-B7331B8BCA31}"
EndProject
Global
	GlobalSection(SolutionConfigurationPlatforms) = preSolution
		Debug|Any CPU = Debug|Any CPU
		Release|Any CPU = Release|Any CPU
	EndGlobalSection
	GlobalSection(ProjectConfigurationPlatforms) = postSolution
		{879950FA-91E5-4A6B-8297-6F7DEBF8D9F2}.Debug|Any CPU.ActiveCfg = Debug|Any CPU
		{879950FA-91E5-4A6B-8297-6F7DEBF8D9F2}.Debug|Any CPU.Build.0 = Debug|Any CPU
		{879950FA-91E5-4A6B-8297-6F7DEBF8D9F2}.Release|Any CPU.ActiveCfg = Release|Any CPU
		{879950FA-91E5-4A6B-8297-6F7DEBF8D9F2}.Release|Any CPU.Build.0 = Release|Any CPU
		{2DBBCE39-C376-49C0-8657-B7331B8BCA31}.Debug|Any CPU.ActiveCfg = Debug|Any CPU
		{2DBBCE39-C376-49C0-8657-B7331B8BCA31}.Debug|Any CPU.Build.0 = Debug|Any CPU
		{2DBBCE39-C376-49C0-8657-B7331B8BCA31}.Release|Any CPU.ActiveCfg = Release|Any CPU
		{2DBBCE39-C376-49C0-8657-B7331B8BCA31}.Release|Any CPU.Build.0 = Release|Any CPU
	EndGlobalSection
	GlobalSection(SolutionProperties) = preSolution
		HideSolutionNode = FALSE
	EndGlobalSection
	GlobalSection(ExtensibilityGlobals) = postSolution
		SolutionGuid = {3EF27751-710D-41B6-96EE-580C242478AE}
	EndGlobalSection
EndGlobal
